// !$*UTF8*$!
{
	archiveVersion = 1;
	classes = {
	};
	objectVersion = 55;
	objects = {

/* Begin PBXBuildFile section */
		16643BF82BA0975300D9B1C6 /* AuthenticationManager.swift in Sources */ = {isa = PBXBuildFile; fileRef = 16643BF72BA0975300D9B1C6 /* AuthenticationManager.swift */; };
		16643BFC2BA0980800D9B1C6 /* AuthDataResultModel.swift in Sources */ = {isa = PBXBuildFile; fileRef = 16643BFB2BA0980800D9B1C6 /* AuthDataResultModel.swift */; };
		16643BFE2BA0987200D9B1C6 /* UserManager.swift in Sources */ = {isa = PBXBuildFile; fileRef = 16643BFD2BA0987200D9B1C6 /* UserManager.swift */; };
		16643C002BA1780D00D9B1C6 /* UserModel.swift in Sources */ = {isa = PBXBuildFile; fileRef = 16643BFF2BA1780D00D9B1C6 /* UserModel.swift */; };
		16643C022BA1790B00D9B1C6 /* StorageManager.swift in Sources */ = {isa = PBXBuildFile; fileRef = 16643C012BA1790B00D9B1C6 /* StorageManager.swift */; };
		16643C4C2BA9854400D9B1C6 /* AuthenticationView.swift in Sources */ = {isa = PBXBuildFile; fileRef = 16643C4B2BA9854400D9B1C6 /* AuthenticationView.swift */; };
		16643C4E2BA9857C00D9B1C6 /* Spacing.swift in Sources */ = {isa = PBXBuildFile; fileRef = 16643C4D2BA9857C00D9B1C6 /* Spacing.swift */; };
		16643C502BA985CE00D9B1C6 /* Radius.swift in Sources */ = {isa = PBXBuildFile; fileRef = 16643C4F2BA985CE00D9B1C6 /* Radius.swift */; };
		16643C522BA9861600D9B1C6 /* NavigationButtonDS.swift in Sources */ = {isa = PBXBuildFile; fileRef = 16643C512BA9861600D9B1C6 /* NavigationButtonDS.swift */; };
		16643C542BA9869100D9B1C6 /* SignInView.swift in Sources */ = {isa = PBXBuildFile; fileRef = 16643C532BA9869100D9B1C6 /* SignInView.swift */; };
		16643C562BA986EC00D9B1C6 /* ButtonDS.swift in Sources */ = {isa = PBXBuildFile; fileRef = 16643C552BA986EC00D9B1C6 /* ButtonDS.swift */; };
		16643C582BA9879C00D9B1C6 /* SignUpView.swift in Sources */ = {isa = PBXBuildFile; fileRef = 16643C572BA9879C00D9B1C6 /* SignUpView.swift */; };
		16643C5A2BA9883700D9B1C6 /* SignViewModel.swift in Sources */ = {isa = PBXBuildFile; fileRef = 16643C592BA9883700D9B1C6 /* SignViewModel.swift */; };
		16643C5D2BA9B63F00D9B1C6 /* ProfileView.swift in Sources */ = {isa = PBXBuildFile; fileRef = 16643C5C2BA9B63F00D9B1C6 /* ProfileView.swift */; };
		16643C5F2BA9B67400D9B1C6 /* ProfileViewModel.swift in Sources */ = {isa = PBXBuildFile; fileRef = 16643C5E2BA9B67400D9B1C6 /* ProfileViewModel.swift */; };
		16643C612BA9B6C700D9B1C6 /* UpdateUserPhotoView.swift in Sources */ = {isa = PBXBuildFile; fileRef = 16643C602BA9B6C700D9B1C6 /* UpdateUserPhotoView.swift */; };
		16643C632BA9B6F300D9B1C6 /* UpdateUsernameView.swift in Sources */ = {isa = PBXBuildFile; fileRef = 16643C622BA9B6F300D9B1C6 /* UpdateUsernameView.swift */; };
		16643C662BA9B88F00D9B1C6 /* TitleText.swift in Sources */ = {isa = PBXBuildFile; fileRef = 16643C652BA9B88F00D9B1C6 /* TitleText.swift */; };
		16643C682BA9BBBC00D9B1C6 /* PHPickerView.swift in Sources */ = {isa = PBXBuildFile; fileRef = 16643C672BA9BBBC00D9B1C6 /* PHPickerView.swift */; };
		FF36E3CB2BA076330063D935 /* FirebaseAnalytics in Frameworks */ = {isa = PBXBuildFile; productRef = FF36E3CA2BA076330063D935 /* FirebaseAnalytics */; };
		FF36E3CD2BA076330063D935 /* FirebaseAuth in Frameworks */ = {isa = PBXBuildFile; productRef = FF36E3CC2BA076330063D935 /* FirebaseAuth */; };
		FF36E3CF2BA076330063D935 /* FirebaseFirestore in Frameworks */ = {isa = PBXBuildFile; productRef = FF36E3CE2BA076330063D935 /* FirebaseFirestore */; };
		FF36E3D12BA076330063D935 /* FirebaseFirestoreSwift in Frameworks */ = {isa = PBXBuildFile; productRef = FF36E3D02BA076330063D935 /* FirebaseFirestoreSwift */; };
		FF36E3D32BA076330063D935 /* FirebaseStorage in Frameworks */ = {isa = PBXBuildFile; productRef = FF36E3D22BA076330063D935 /* FirebaseStorage */; };
		FFED5C8A2B986AFB0015F474 /* GoogleService-Info.plist in Resources */ = {isa = PBXBuildFile; fileRef = FFED5C892B986AFB0015F474 /* GoogleService-Info.plist */; };
		FFF04F112B97963E00D1F1CC /* DHCApp.swift in Sources */ = {isa = PBXBuildFile; fileRef = FFF04F102B97963E00D1F1CC /* DHCApp.swift */; };
		FFF04F132B97963E00D1F1CC /* HomeView.swift in Sources */ = {isa = PBXBuildFile; fileRef = FFF04F122B97963E00D1F1CC /* HomeView.swift */; };
		FFF04F152B97964400D1F1CC /* Assets.xcassets in Resources */ = {isa = PBXBuildFile; fileRef = FFF04F142B97964400D1F1CC /* Assets.xcassets */; };
		FFF04F182B97964500D1F1CC /* Preview Assets.xcassets in Resources */ = {isa = PBXBuildFile; fileRef = FFF04F172B97964500D1F1CC /* Preview Assets.xcassets */; };
/* End PBXBuildFile section */

/* Begin PBXFileReference section */
		16643BF72BA0975300D9B1C6 /* AuthenticationManager.swift */ = {isa = PBXFileReference; lastKnownFileType = sourcecode.swift; path = AuthenticationManager.swift; sourceTree = "<group>"; };
		16643BFB2BA0980800D9B1C6 /* AuthDataResultModel.swift */ = {isa = PBXFileReference; lastKnownFileType = sourcecode.swift; path = AuthDataResultModel.swift; sourceTree = "<group>"; };
		16643BFD2BA0987200D9B1C6 /* UserManager.swift */ = {isa = PBXFileReference; lastKnownFileType = sourcecode.swift; path = UserManager.swift; sourceTree = "<group>"; };
		16643BFF2BA1780D00D9B1C6 /* UserModel.swift */ = {isa = PBXFileReference; lastKnownFileType = sourcecode.swift; path = UserModel.swift; sourceTree = "<group>"; };
		16643C012BA1790B00D9B1C6 /* StorageManager.swift */ = {isa = PBXFileReference; lastKnownFileType = sourcecode.swift; path = StorageManager.swift; sourceTree = "<group>"; };
		16643C4B2BA9854400D9B1C6 /* AuthenticationView.swift */ = {isa = PBXFileReference; lastKnownFileType = sourcecode.swift; path = AuthenticationView.swift; sourceTree = "<group>"; };
		16643C4D2BA9857C00D9B1C6 /* Spacing.swift */ = {isa = PBXFileReference; lastKnownFileType = sourcecode.swift; path = Spacing.swift; sourceTree = "<group>"; };
		16643C4F2BA985CE00D9B1C6 /* Radius.swift */ = {isa = PBXFileReference; lastKnownFileType = sourcecode.swift; path = Radius.swift; sourceTree = "<group>"; };
		16643C512BA9861600D9B1C6 /* NavigationButtonDS.swift */ = {isa = PBXFileReference; lastKnownFileType = sourcecode.swift; path = NavigationButtonDS.swift; sourceTree = "<group>"; };
		16643C532BA9869100D9B1C6 /* SignInView.swift */ = {isa = PBXFileReference; lastKnownFileType = sourcecode.swift; path = SignInView.swift; sourceTree = "<group>"; };
		16643C552BA986EC00D9B1C6 /* ButtonDS.swift */ = {isa = PBXFileReference; lastKnownFileType = sourcecode.swift; path = ButtonDS.swift; sourceTree = "<group>"; };
		16643C572BA9879C00D9B1C6 /* SignUpView.swift */ = {isa = PBXFileReference; lastKnownFileType = sourcecode.swift; path = SignUpView.swift; sourceTree = "<group>"; };
		16643C592BA9883700D9B1C6 /* SignViewModel.swift */ = {isa = PBXFileReference; lastKnownFileType = sourcecode.swift; path = SignViewModel.swift; sourceTree = "<group>"; };
		16643C5C2BA9B63F00D9B1C6 /* ProfileView.swift */ = {isa = PBXFileReference; lastKnownFileType = sourcecode.swift; path = ProfileView.swift; sourceTree = "<group>"; };
		16643C5E2BA9B67400D9B1C6 /* ProfileViewModel.swift */ = {isa = PBXFileReference; lastKnownFileType = sourcecode.swift; path = ProfileViewModel.swift; sourceTree = "<group>"; };
		16643C602BA9B6C700D9B1C6 /* UpdateUserPhotoView.swift */ = {isa = PBXFileReference; lastKnownFileType = sourcecode.swift; path = UpdateUserPhotoView.swift; sourceTree = "<group>"; };
		16643C622BA9B6F300D9B1C6 /* UpdateUsernameView.swift */ = {isa = PBXFileReference; lastKnownFileType = sourcecode.swift; path = UpdateUsernameView.swift; sourceTree = "<group>"; };
		16643C652BA9B88F00D9B1C6 /* TitleText.swift */ = {isa = PBXFileReference; lastKnownFileType = sourcecode.swift; path = TitleText.swift; sourceTree = "<group>"; };
		16643C672BA9BBBC00D9B1C6 /* PHPickerView.swift */ = {isa = PBXFileReference; lastKnownFileType = sourcecode.swift; path = PHPickerView.swift; sourceTree = "<group>"; };
		FFED5C892B986AFB0015F474 /* GoogleService-Info.plist */ = {isa = PBXFileReference; fileEncoding = 4; lastKnownFileType = text.plist.xml; name = "GoogleService-Info.plist"; path = "../../../../Downloads/GoogleService-Info.plist"; sourceTree = "<group>"; };
		FFF04F0D2B97963E00D1F1CC /* DHC.app */ = {isa = PBXFileReference; explicitFileType = wrapper.application; includeInIndex = 0; path = DHC.app; sourceTree = BUILT_PRODUCTS_DIR; };
		FFF04F102B97963E00D1F1CC /* DHCApp.swift */ = {isa = PBXFileReference; lastKnownFileType = sourcecode.swift; path = DHCApp.swift; sourceTree = "<group>"; };
		FFF04F122B97963E00D1F1CC /* HomeView.swift */ = {isa = PBXFileReference; lastKnownFileType = sourcecode.swift; path = HomeView.swift; sourceTree = "<group>"; };
		FFF04F142B97964400D1F1CC /* Assets.xcassets */ = {isa = PBXFileReference; lastKnownFileType = folder.assetcatalog; path = Assets.xcassets; sourceTree = "<group>"; };
		FFF04F172B97964500D1F1CC /* Preview Assets.xcassets */ = {isa = PBXFileReference; lastKnownFileType = folder.assetcatalog; path = "Preview Assets.xcassets"; sourceTree = "<group>"; };
/* End PBXFileReference section */

/* Begin PBXFrameworksBuildPhase section */
		FFF04F0A2B97963E00D1F1CC /* Frameworks */ = {
			isa = PBXFrameworksBuildPhase;
			buildActionMask = 2147483647;
			files = (
				FF36E3CB2BA076330063D935 /* FirebaseAnalytics in Frameworks */,
				FF36E3CD2BA076330063D935 /* FirebaseAuth in Frameworks */,
				FF36E3CF2BA076330063D935 /* FirebaseFirestore in Frameworks */,
				FF36E3D32BA076330063D935 /* FirebaseStorage in Frameworks */,
				FF36E3D12BA076330063D935 /* FirebaseFirestoreSwift in Frameworks */,
			);
			runOnlyForDeploymentPostprocessing = 0;
		};
/* End PBXFrameworksBuildPhase section */

/* Begin PBXGroup section */
		16643BF32BA096D200D9B1C6 /* Models */ = {
			isa = PBXGroup;
			children = (
			);
			path = Models;
			sourceTree = "<group>";
		};
		16643BF52BA096E900D9B1C6 /* DesignSystems */ = {
			isa = PBXGroup;
			children = (
				16643C642BA9B87600D9B1C6 /* Text */,
				16643C4D2BA9857C00D9B1C6 /* Spacing.swift */,
				16643C4F2BA985CE00D9B1C6 /* Radius.swift */,
				16643C512BA9861600D9B1C6 /* NavigationButtonDS.swift */,
				16643C552BA986EC00D9B1C6 /* ButtonDS.swift */,
				16643C672BA9BBBC00D9B1C6 /* PHPickerView.swift */,
			);
			path = DesignSystems;
			sourceTree = "<group>";
		};
		16643BF62BA0970300D9B1C6 /* Managers */ = {
			isa = PBXGroup;
			children = (
				16643BFD2BA0987200D9B1C6 /* UserManager.swift */,
				16643BF72BA0975300D9B1C6 /* AuthenticationManager.swift */,
				16643C012BA1790B00D9B1C6 /* StorageManager.swift */,
			);
			path = Managers;
			sourceTree = "<group>";
		};
		16643BFA2BA0978600D9B1C6 /* Models */ = {
			isa = PBXGroup;
			children = (
				16643BFB2BA0980800D9B1C6 /* AuthDataResultModel.swift */,
				16643BFF2BA1780D00D9B1C6 /* UserModel.swift */,
			);
			path = Models;
			sourceTree = "<group>";
		};
		16643C4A2BA9852800D9B1C6 /* Authentication */ = {
			isa = PBXGroup;
			children = (
				16643C4B2BA9854400D9B1C6 /* AuthenticationView.swift */,
				16643C532BA9869100D9B1C6 /* SignInView.swift */,
				16643C572BA9879C00D9B1C6 /* SignUpView.swift */,
				16643C592BA9883700D9B1C6 /* SignViewModel.swift */,
			);
			path = Authentication;
			sourceTree = "<group>";
		};
		16643C5B2BA9B62600D9B1C6 /* Profile */ = {
			isa = PBXGroup;
			children = (
				16643C5C2BA9B63F00D9B1C6 /* ProfileView.swift */,
				16643C5E2BA9B67400D9B1C6 /* ProfileViewModel.swift */,
				16643C602BA9B6C700D9B1C6 /* UpdateUserPhotoView.swift */,
				16643C622BA9B6F300D9B1C6 /* UpdateUsernameView.swift */,
			);
			path = Profile;
			sourceTree = "<group>";
		};
		16643C642BA9B87600D9B1C6 /* Text */ = {
			isa = PBXGroup;
			children = (
				16643C652BA9B88F00D9B1C6 /* TitleText.swift */,
			);
			path = Text;
			sourceTree = "<group>";
		};
		FFE172AB2B99C9020029AC32 /* Frameworks */ = {
			isa = PBXGroup;
			children = (
			);
			name = Frameworks;
			sourceTree = "<group>";
		};
		FFF04F042B97963E00D1F1CC = {
			isa = PBXGroup;
			children = (
				FFF04F0F2B97963E00D1F1CC /* DHC */,
				FFF04F0E2B97963E00D1F1CC /* Products */,
				FFE172AB2B99C9020029AC32 /* Frameworks */,
			);
			sourceTree = "<group>";
		};
		FFF04F0E2B97963E00D1F1CC /* Products */ = {
			isa = PBXGroup;
			children = (
				FFF04F0D2B97963E00D1F1CC /* DHC.app */,
			);
			name = Products;
			sourceTree = "<group>";
		};
		FFF04F0F2B97963E00D1F1CC /* DHC */ = {
			isa = PBXGroup;
			children = (
				16643BFA2BA0978600D9B1C6 /* Models */,
				16643BF62BA0970300D9B1C6 /* Managers */,
				16643BF52BA096E900D9B1C6 /* DesignSystems */,
				16643BF32BA096D200D9B1C6 /* Models */,
				FFED5C892B986AFB0015F474 /* GoogleService-Info.plist */,
				FFF04F1E2B97967400D1F1CC /* Views */,
				FFF04F102B97963E00D1F1CC /* DHCApp.swift */,
				FFF04F142B97964400D1F1CC /* Assets.xcassets */,
				FFF04F162B97964500D1F1CC /* Preview Content */,
			);
			path = DHC;
			sourceTree = "<group>";
		};
		FFF04F162B97964500D1F1CC /* Preview Content */ = {
			isa = PBXGroup;
			children = (
				FFF04F172B97964500D1F1CC /* Preview Assets.xcassets */,
			);
			path = "Preview Content";
			sourceTree = "<group>";
		};
		FFF04F1E2B97967400D1F1CC /* Views */ = {
			isa = PBXGroup;
			children = (
				16643C5B2BA9B62600D9B1C6 /* Profile */,
				16643C4A2BA9852800D9B1C6 /* Authentication */,
				FFF04F232B9798BA00D1F1CC /* Home */,
			);
			path = Views;
			sourceTree = "<group>";
		};
		FFF04F232B9798BA00D1F1CC /* Home */ = {
			isa = PBXGroup;
			children = (
				FFF04F122B97963E00D1F1CC /* HomeView.swift */,
			);
			path = Home;
			sourceTree = "<group>";
		};
/* End PBXGroup section */

/* Begin PBXNativeTarget section */
		FFF04F0C2B97963E00D1F1CC /* DHC */ = {
			isa = PBXNativeTarget;
			buildConfigurationList = FFF04F1B2B97964500D1F1CC /* Build configuration list for PBXNativeTarget "DHC" */;
			buildPhases = (
				FFF04F092B97963E00D1F1CC /* Sources */,
				FFF04F0A2B97963E00D1F1CC /* Frameworks */,
				FFF04F0B2B97963E00D1F1CC /* Resources */,
			);
			buildRules = (
			);
			dependencies = (
			);
			name = DHC;
			packageProductDependencies = (
				FF36E3CA2BA076330063D935 /* FirebaseAnalytics */,
				FF36E3CC2BA076330063D935 /* FirebaseAuth */,
				FF36E3CE2BA076330063D935 /* FirebaseFirestore */,
				FF36E3D02BA076330063D935 /* FirebaseFirestoreSwift */,
				FF36E3D22BA076330063D935 /* FirebaseStorage */,
			);
			productName = DHC;
			productReference = FFF04F0D2B97963E00D1F1CC /* DHC.app */;
			productType = "com.apple.product-type.application";
		};
/* End PBXNativeTarget section */

/* Begin PBXProject section */
		FFF04F052B97963E00D1F1CC /* Project object */ = {
			isa = PBXProject;
			attributes = {
				BuildIndependentTargetsInParallel = 1;
				LastSwiftUpdateCheck = 1340;
				LastUpgradeCheck = 1340;
				TargetAttributes = {
					FFF04F0C2B97963E00D1F1CC = {
						CreatedOnToolsVersion = 13.4.1;
					};
				};
			};
			buildConfigurationList = FFF04F082B97963E00D1F1CC /* Build configuration list for PBXProject "DHC" */;
			compatibilityVersion = "Xcode 13.0";
			developmentRegion = en;
			hasScannedForEncodings = 0;
			knownRegions = (
				en,
				Base,
			);
			mainGroup = FFF04F042B97963E00D1F1CC;
			packageReferences = (
				FF36E3C92BA076330063D935 /* XCRemoteSwiftPackageReference "firebase-ios-sdk" */,
			);
			productRefGroup = FFF04F0E2B97963E00D1F1CC /* Products */;
			projectDirPath = "";
			projectRoot = "";
			targets = (
				FFF04F0C2B97963E00D1F1CC /* DHC */,
			);
		};
/* End PBXProject section */

/* Begin PBXResourcesBuildPhase section */
		FFF04F0B2B97963E00D1F1CC /* Resources */ = {
			isa = PBXResourcesBuildPhase;
			buildActionMask = 2147483647;
			files = (
				FFF04F182B97964500D1F1CC /* Preview Assets.xcassets in Resources */,
				FFF04F152B97964400D1F1CC /* Assets.xcassets in Resources */,
				FFED5C8A2B986AFB0015F474 /* GoogleService-Info.plist in Resources */,
			);
			runOnlyForDeploymentPostprocessing = 0;
		};
/* End PBXResourcesBuildPhase section */

/* Begin PBXSourcesBuildPhase section */
		FFF04F092B97963E00D1F1CC /* Sources */ = {
			isa = PBXSourcesBuildPhase;
			buildActionMask = 2147483647;
			files = (
				16643C5A2BA9883700D9B1C6 /* SignViewModel.swift in Sources */,
				16643BFC2BA0980800D9B1C6 /* AuthDataResultModel.swift in Sources */,
				16643BF82BA0975300D9B1C6 /* AuthenticationManager.swift in Sources */,
				16643C4E2BA9857C00D9B1C6 /* Spacing.swift in Sources */,
				FFF04F132B97963E00D1F1CC /* HomeView.swift in Sources */,
				16643C682BA9BBBC00D9B1C6 /* PHPickerView.swift in Sources */,
				16643C522BA9861600D9B1C6 /* NavigationButtonDS.swift in Sources */,
				16643C562BA986EC00D9B1C6 /* ButtonDS.swift in Sources */,
				16643C022BA1790B00D9B1C6 /* StorageManager.swift in Sources */,
				16643C5D2BA9B63F00D9B1C6 /* ProfileView.swift in Sources */,
				16643C662BA9B88F00D9B1C6 /* TitleText.swift in Sources */,
				16643C612BA9B6C700D9B1C6 /* UpdateUserPhotoView.swift in Sources */,
				16643C542BA9869100D9B1C6 /* SignInView.swift in Sources */,
				16643BFE2BA0987200D9B1C6 /* UserManager.swift in Sources */,
				16643C002BA1780D00D9B1C6 /* UserModel.swift in Sources */,
				16643C632BA9B6F300D9B1C6 /* UpdateUsernameView.swift in Sources */,
				16643C582BA9879C00D9B1C6 /* SignUpView.swift in Sources */,
				16643C5F2BA9B67400D9B1C6 /* ProfileViewModel.swift in Sources */,
				16643C502BA985CE00D9B1C6 /* Radius.swift in Sources */,
				16643C4C2BA9854400D9B1C6 /* AuthenticationView.swift in Sources */,
				FFF04F112B97963E00D1F1CC /* DHCApp.swift in Sources */,
			);
			runOnlyForDeploymentPostprocessing = 0;
		};
/* End PBXSourcesBuildPhase section */

/* Begin XCBuildConfiguration section */
		FFF04F192B97964500D1F1CC /* Debug */ = {
			isa = XCBuildConfiguration;
			buildSettings = {
				ALWAYS_SEARCH_USER_PATHS = NO;
				CLANG_ANALYZER_NONNULL = YES;
				CLANG_ANALYZER_NUMBER_OBJECT_CONVERSION = YES_AGGRESSIVE;
				CLANG_CXX_LANGUAGE_STANDARD = "gnu++17";
				CLANG_ENABLE_MODULES = YES;
				CLANG_ENABLE_OBJC_ARC = YES;
				CLANG_ENABLE_OBJC_WEAK = YES;
				CLANG_WARN_BLOCK_CAPTURE_AUTORELEASING = YES;
				CLANG_WARN_BOOL_CONVERSION = YES;
				CLANG_WARN_COMMA = YES;
				CLANG_WARN_CONSTANT_CONVERSION = YES;
				CLANG_WARN_DEPRECATED_OBJC_IMPLEMENTATIONS = YES;
				CLANG_WARN_DIRECT_OBJC_ISA_USAGE = YES_ERROR;
				CLANG_WARN_DOCUMENTATION_COMMENTS = YES;
				CLANG_WARN_EMPTY_BODY = YES;
				CLANG_WARN_ENUM_CONVERSION = YES;
				CLANG_WARN_INFINITE_RECURSION = YES;
				CLANG_WARN_INT_CONVERSION = YES;
				CLANG_WARN_NON_LITERAL_NULL_CONVERSION = YES;
				CLANG_WARN_OBJC_IMPLICIT_RETAIN_SELF = YES;
				CLANG_WARN_OBJC_LITERAL_CONVERSION = YES;
				CLANG_WARN_OBJC_ROOT_CLASS = YES_ERROR;
				CLANG_WARN_QUOTED_INCLUDE_IN_FRAMEWORK_HEADER = YES;
				CLANG_WARN_RANGE_LOOP_ANALYSIS = YES;
				CLANG_WARN_STRICT_PROTOTYPES = YES;
				CLANG_WARN_SUSPICIOUS_MOVE = YES;
				CLANG_WARN_UNGUARDED_AVAILABILITY = YES_AGGRESSIVE;
				CLANG_WARN_UNREACHABLE_CODE = YES;
				CLANG_WARN__DUPLICATE_METHOD_MATCH = YES;
				COPY_PHASE_STRIP = NO;
				DEBUG_INFORMATION_FORMAT = dwarf;
				ENABLE_STRICT_OBJC_MSGSEND = YES;
				ENABLE_TESTABILITY = YES;
				GCC_C_LANGUAGE_STANDARD = gnu11;
				GCC_DYNAMIC_NO_PIC = NO;
				GCC_NO_COMMON_BLOCKS = YES;
				GCC_OPTIMIZATION_LEVEL = 0;
				GCC_PREPROCESSOR_DEFINITIONS = (
					"DEBUG=1",
					"$(inherited)",
				);
				GCC_WARN_64_TO_32_BIT_CONVERSION = YES;
				GCC_WARN_ABOUT_RETURN_TYPE = YES_ERROR;
				GCC_WARN_UNDECLARED_SELECTOR = YES;
				GCC_WARN_UNINITIALIZED_AUTOS = YES_AGGRESSIVE;
				GCC_WARN_UNUSED_FUNCTION = YES;
				GCC_WARN_UNUSED_VARIABLE = YES;
				IPHONEOS_DEPLOYMENT_TARGET = 15.5;
				MTL_ENABLE_DEBUG_INFO = INCLUDE_SOURCE;
				MTL_FAST_MATH = YES;
				ONLY_ACTIVE_ARCH = YES;
				SDKROOT = iphoneos;
				SWIFT_ACTIVE_COMPILATION_CONDITIONS = DEBUG;
				SWIFT_OPTIMIZATION_LEVEL = "-Onone";
			};
			name = Debug;
		};
		FFF04F1A2B97964500D1F1CC /* Release */ = {
			isa = XCBuildConfiguration;
			buildSettings = {
				ALWAYS_SEARCH_USER_PATHS = NO;
				CLANG_ANALYZER_NONNULL = YES;
				CLANG_ANALYZER_NUMBER_OBJECT_CONVERSION = YES_AGGRESSIVE;
				CLANG_CXX_LANGUAGE_STANDARD = "gnu++17";
				CLANG_ENABLE_MODULES = YES;
				CLANG_ENABLE_OBJC_ARC = YES;
				CLANG_ENABLE_OBJC_WEAK = YES;
				CLANG_WARN_BLOCK_CAPTURE_AUTORELEASING = YES;
				CLANG_WARN_BOOL_CONVERSION = YES;
				CLANG_WARN_COMMA = YES;
				CLANG_WARN_CONSTANT_CONVERSION = YES;
				CLANG_WARN_DEPRECATED_OBJC_IMPLEMENTATIONS = YES;
				CLANG_WARN_DIRECT_OBJC_ISA_USAGE = YES_ERROR;
				CLANG_WARN_DOCUMENTATION_COMMENTS = YES;
				CLANG_WARN_EMPTY_BODY = YES;
				CLANG_WARN_ENUM_CONVERSION = YES;
				CLANG_WARN_INFINITE_RECURSION = YES;
				CLANG_WARN_INT_CONVERSION = YES;
				CLANG_WARN_NON_LITERAL_NULL_CONVERSION = YES;
				CLANG_WARN_OBJC_IMPLICIT_RETAIN_SELF = YES;
				CLANG_WARN_OBJC_LITERAL_CONVERSION = YES;
				CLANG_WARN_OBJC_ROOT_CLASS = YES_ERROR;
				CLANG_WARN_QUOTED_INCLUDE_IN_FRAMEWORK_HEADER = YES;
				CLANG_WARN_RANGE_LOOP_ANALYSIS = YES;
				CLANG_WARN_STRICT_PROTOTYPES = YES;
				CLANG_WARN_SUSPICIOUS_MOVE = YES;
				CLANG_WARN_UNGUARDED_AVAILABILITY = YES_AGGRESSIVE;
				CLANG_WARN_UNREACHABLE_CODE = YES;
				CLANG_WARN__DUPLICATE_METHOD_MATCH = YES;
				COPY_PHASE_STRIP = NO;
				DEBUG_INFORMATION_FORMAT = "dwarf-with-dsym";
				ENABLE_NS_ASSERTIONS = NO;
				ENABLE_STRICT_OBJC_MSGSEND = YES;
				GCC_C_LANGUAGE_STANDARD = gnu11;
				GCC_NO_COMMON_BLOCKS = YES;
				GCC_WARN_64_TO_32_BIT_CONVERSION = YES;
				GCC_WARN_ABOUT_RETURN_TYPE = YES_ERROR;
				GCC_WARN_UNDECLARED_SELECTOR = YES;
				GCC_WARN_UNINITIALIZED_AUTOS = YES_AGGRESSIVE;
				GCC_WARN_UNUSED_FUNCTION = YES;
				GCC_WARN_UNUSED_VARIABLE = YES;
				IPHONEOS_DEPLOYMENT_TARGET = 15.5;
				MTL_ENABLE_DEBUG_INFO = NO;
				MTL_FAST_MATH = YES;
				SDKROOT = iphoneos;
				SWIFT_COMPILATION_MODE = wholemodule;
				SWIFT_OPTIMIZATION_LEVEL = "-O";
				VALIDATE_PRODUCT = YES;
			};
			name = Release;
		};
		FFF04F1C2B97964500D1F1CC /* Debug */ = {
			isa = XCBuildConfiguration;
			buildSettings = {
				ASSETCATALOG_COMPILER_APPICON_NAME = AppIcon;
				ASSETCATALOG_COMPILER_GLOBAL_ACCENT_COLOR_NAME = AccentColor;
				CODE_SIGN_STYLE = Automatic;
				CURRENT_PROJECT_VERSION = 1;
				DEVELOPMENT_ASSET_PATHS = "\"DHC/Preview Content\"";
				DEVELOPMENT_TEAM = YL3LC4ZN6U;
				ENABLE_PREVIEWS = YES;
				GENERATE_INFOPLIST_FILE = YES;
				INFOPLIST_KEY_NSPhotoLibraryUsageDescription = "Access needed to your photo library to select an image for your profile photo.";
				INFOPLIST_KEY_UIApplicationSceneManifest_Generation = YES;
				INFOPLIST_KEY_UIApplicationSupportsIndirectInputEvents = YES;
				INFOPLIST_KEY_UILaunchScreen_Generation = YES;
				INFOPLIST_KEY_UISupportedInterfaceOrientations_iPad = "UIInterfaceOrientationPortrait UIInterfaceOrientationPortraitUpsideDown UIInterfaceOrientationLandscapeLeft UIInterfaceOrientationLandscapeRight";
				INFOPLIST_KEY_UISupportedInterfaceOrientations_iPhone = "UIInterfaceOrientationPortrait UIInterfaceOrientationLandscapeLeft UIInterfaceOrientationLandscapeRight";
				IPHONEOS_DEPLOYMENT_TARGET = 15.2;
				LD_RUNPATH_SEARCH_PATHS = (
					"$(inherited)",
					"@executable_path/Frameworks",
				);
				MARKETING_VERSION = 1.0;
				PRODUCT_BUNDLE_IDENTIFIER = dhc.DHC;
				PRODUCT_NAME = "$(TARGET_NAME)";
				SWIFT_EMIT_LOC_STRINGS = YES;
				SWIFT_VERSION = 5.0;
				TARGETED_DEVICE_FAMILY = 1;
			};
			name = Debug;
		};
		FFF04F1D2B97964500D1F1CC /* Release */ = {
			isa = XCBuildConfiguration;
			buildSettings = {
				ASSETCATALOG_COMPILER_APPICON_NAME = AppIcon;
				ASSETCATALOG_COMPILER_GLOBAL_ACCENT_COLOR_NAME = AccentColor;
				CODE_SIGN_STYLE = Automatic;
				CURRENT_PROJECT_VERSION = 1;
				DEVELOPMENT_ASSET_PATHS = "\"DHC/Preview Content\"";
				DEVELOPMENT_TEAM = YL3LC4ZN6U;
				ENABLE_PREVIEWS = YES;
				GENERATE_INFOPLIST_FILE = YES;
				INFOPLIST_KEY_NSPhotoLibraryUsageDescription = "Access needed to your photo library to select an image for your profile photo.";
				INFOPLIST_KEY_UIApplicationSceneManifest_Generation = YES;
				INFOPLIST_KEY_UIApplicationSupportsIndirectInputEvents = YES;
				INFOPLIST_KEY_UILaunchScreen_Generation = YES;
				INFOPLIST_KEY_UISupportedInterfaceOrientations_iPad = "UIInterfaceOrientationPortrait UIInterfaceOrientationPortraitUpsideDown UIInterfaceOrientationLandscapeLeft UIInterfaceOrientationLandscapeRight";
				INFOPLIST_KEY_UISupportedInterfaceOrientations_iPhone = "UIInterfaceOrientationPortrait UIInterfaceOrientationLandscapeLeft UIInterfaceOrientationLandscapeRight";
				IPHONEOS_DEPLOYMENT_TARGET = 15.2;
				LD_RUNPATH_SEARCH_PATHS = (
					"$(inherited)",
					"@executable_path/Frameworks",
				);
				MARKETING_VERSION = 1.0;
				PRODUCT_BUNDLE_IDENTIFIER = dhc.DHC;
				PRODUCT_NAME = "$(TARGET_NAME)";
				SWIFT_EMIT_LOC_STRINGS = YES;
				SWIFT_VERSION = 5.0;
				TARGETED_DEVICE_FAMILY = 1;
			};
			name = Release;
		};
/* End XCBuildConfiguration section */

/* Begin XCConfigurationList section */
		FFF04F082B97963E00D1F1CC /* Build configuration list for PBXProject "DHC" */ = {
			isa = XCConfigurationList;
			buildConfigurations = (
				FFF04F192B97964500D1F1CC /* Debug */,
				FFF04F1A2B97964500D1F1CC /* Release */,
			);
			defaultConfigurationIsVisible = 0;
			defaultConfigurationName = Release;
		};
		FFF04F1B2B97964500D1F1CC /* Build configuration list for PBXNativeTarget "DHC" */ = {
			isa = XCConfigurationList;
			buildConfigurations = (
				FFF04F1C2B97964500D1F1CC /* Debug */,
				FFF04F1D2B97964500D1F1CC /* Release */,
			);
			defaultConfigurationIsVisible = 0;
			defaultConfigurationName = Release;
		};
/* End XCConfigurationList section */

/* Begin XCRemoteSwiftPackageReference section */
		FF36E3C92BA076330063D935 /* XCRemoteSwiftPackageReference "firebase-ios-sdk" */ = {
			isa = XCRemoteSwiftPackageReference;
			repositoryURL = "https://github.com/firebase/firebase-ios-sdk";
			requirement = {
				kind = exactVersion;
				version = 9.6.0;
			};
		};
/* End XCRemoteSwiftPackageReference section */

/* Begin XCSwiftPackageProductDependency section */
		FF36E3CA2BA076330063D935 /* FirebaseAnalytics */ = {
			isa = XCSwiftPackageProductDependency;
			package = FF36E3C92BA076330063D935 /* XCRemoteSwiftPackageReference "firebase-ios-sdk" */;
			productName = FirebaseAnalytics;
		};
		FF36E3CC2BA076330063D935 /* FirebaseAuth */ = {
			isa = XCSwiftPackageProductDependency;
			package = FF36E3C92BA076330063D935 /* XCRemoteSwiftPackageReference "firebase-ios-sdk" */;
			productName = FirebaseAuth;
		};
		FF36E3CE2BA076330063D935 /* FirebaseFirestore */ = {
			isa = XCSwiftPackageProductDependency;
			package = FF36E3C92BA076330063D935 /* XCRemoteSwiftPackageReference "firebase-ios-sdk" */;
			productName = FirebaseFirestore;
		};
		FF36E3D02BA076330063D935 /* FirebaseFirestoreSwift */ = {
			isa = XCSwiftPackageProductDependency;
			package = FF36E3C92BA076330063D935 /* XCRemoteSwiftPackageReference "firebase-ios-sdk" */;
			productName = FirebaseFirestoreSwift;
		};
		FF36E3D22BA076330063D935 /* FirebaseStorage */ = {
			isa = XCSwiftPackageProductDependency;
			package = FF36E3C92BA076330063D935 /* XCRemoteSwiftPackageReference "firebase-ios-sdk" */;
			productName = FirebaseStorage;
		};
/* End XCSwiftPackageProductDependency section */
	};
	rootObject = FFF04F052B97963E00D1F1CC /* Project object */;
}
